
Microsoft Visual Studio Solution File, Format Version 12.00
# Visual Studio 15
VisualStudioVersion = 15.0.28307.329
MinimumVisualStudioVersion = 10.0.40219.1
Project("{8BC9CEB8-8B4A-11D0-8D11-00A0C91BC942}") = "Program6", "Program6\Program6.vcxproj", "{ABC941D3-B67B-4C57-B716-D00E1CD694FD}"
EndProject
Global
	GlobalSection(SolutionConfigurationPlatforms) = preSolution
		Debug|x64 = Debug|x64
		Debug|x86 = Debug|x86
		Release|x64 = Release|x64
		Release|x86 = Release|x86
	EndGlobalSection
	GlobalSection(ProjectConfigurationPlatforms) = postSolution
		{ABC941D3-B67B-4C57-B716-D00E1CD694FD}.Debug|x64.ActiveCfg = Debug|x64
		{ABC941D3-B67B-4C57-B716-D00E1CD694FD}.Debug|x64.Build.0 = Debug|x64
		{ABC941D3-B67B-4C57-B716-D00E1CD694FD}.Debug|x86.ActiveCfg = Debug|Win32
		{ABC941D3-B67B-4C57-B716-D00E1CD694FD}.Debug|x86.Build.0 = Debug|Win32
		{ABC941D3-B67B-4C57-B716-D00E1CD694FD}.Release|x64.ActiveCfg = Release|x64
		{ABC941D3-B67B-4C57-B716-D00E1CD694FD}.Release|x64.Build.0 = Release|x64
		{ABC941D3-B67B-4C57-B716-D00E1CD694FD}.Release|x86.ActiveCfg = Release|Win32
		{ABC941D3-B67B-4C57-B716-D00E1CD694FD}.Release|x86.Build.0 = Release|Win32
	EndGlobalSection
	GlobalSection(SolutionProperties) = preSolution
		HideSolutionNode = FALSE
	EndGlobalSection
	GlobalSection(ExtensibilityGlobals) = postSolution
		SolutionGuid = {E1FDFCA1-4DC3-4E18-BFEE-7B96060D4117}
	EndGlobalSection
EndGlobal
